
Microsoft Visual Studio Solution File, Format Version 12.00
# Visual Studio Version 17
VisualStudioVersion = 17.14.36511.14 d17.14
MinimumVisualStudioVersion = 10.0.40219.1
Project("{FAE04EC0-301F-11D3-BF4B-00C04F79EFBC}") = "TransportPricePj", "TransportPricePj\TransportPricePj.csproj", "{111A5738-C62B-48EE-827A-1F872D8E93D6}"
EndProject
Global
	GlobalSection(SolutionConfigurationPlatforms) = preSolution
		Debug|Any CPU = Debug|Any CPU
		Release|Any CPU = Release|Any CPU
	EndGlobalSection
	GlobalSection(ProjectConfigurationPlatforms) = postSolution
		{111A5738-C62B-48EE-827A-1F872D8E93D6}.Debug|Any CPU.ActiveCfg = Debug|Any CPU
		{111A5738-C62B-48EE-827A-1F872D8E93D6}.Debug|Any CPU.Build.0 = Debug|Any CPU
		{111A5738-C62B-48EE-827A-1F872D8E93D6}.Release|Any CPU.ActiveCfg = Release|Any CPU
		{111A5738-C62B-48EE-827A-1F872D8E93D6}.Release|Any CPU.Build.0 = Release|Any CPU
	EndGlobalSection
	GlobalSection(SolutionProperties) = preSolution
		HideSolutionNode = FALSE
	EndGlobalSection
	GlobalSection(ExtensibilityGlobals) = postSolution
		SolutionGuid = {F7A5A343-BD1A-4660-BF42-62057A0A04FB}
	EndGlobalSection
EndGlobal
